
Microsoft Visual Studio Solution File, Format Version 12.00
# Visual Studio Version 17
VisualStudioVersion = 17.9.34616.47
MinimumVisualStudioVersion = 10.0.40219.1
Project("{9A19103F-16F7-4668-BE54-9A1E7A4F7556}") = "Task1", "Task1\Task1.csproj", "{3ADD8D75-114B-4959-A52D-57A230C9DA64}"
EndProject
Project("{9A19103F-16F7-4668-BE54-9A1E7A4F7556}") = "Task2", "Task 2\Task2.csproj", "{ACE37800-625B-45D7-B4E5-39DEE10AA68A}"
EndProject
Global
	GlobalSection(SolutionConfigurationPlatforms) = preSolution
		Debug|Any CPU = Debug|Any CPU
		Release|Any CPU = Release|Any CPU
	EndGlobalSection
	GlobalSection(ProjectConfigurationPlatforms) = postSolution
		{3ADD8D75-114B-4959-A52D-57A230C9DA64}.Debug|Any CPU.ActiveCfg = Debug|Any CPU
		{3ADD8D75-114B-4959-A52D-57A230C9DA64}.Debug|Any CPU.Build.0 = Debug|Any CPU
		{3ADD8D75-114B-4959-A52D-57A230C9DA64}.Release|Any CPU.ActiveCfg = Release|Any CPU
		{3ADD8D75-114B-4959-A52D-57A230C9DA64}.Release|Any CPU.Build.0 = Release|Any CPU
		{ACE37800-625B-45D7-B4E5-39DEE10AA68A}.Debug|Any CPU.ActiveCfg = Debug|Any CPU
		{ACE37800-625B-45D7-B4E5-39DEE10AA68A}.Debug|Any CPU.Build.0 = Debug|Any CPU
		{ACE37800-625B-45D7-B4E5-39DEE10AA68A}.Release|Any CPU.ActiveCfg = Release|Any CPU
		{ACE37800-625B-45D7-B4E5-39DEE10AA68A}.Release|Any CPU.Build.0 = Release|Any CPU
	EndGlobalSection
	GlobalSection(SolutionProperties) = preSolution
		HideSolutionNode = FALSE
	EndGlobalSection
	GlobalSection(ExtensibilityGlobals) = postSolution
		SolutionGuid = {3B065D76-0C97-4E2F-A4AD-AB9F962701C6}
	EndGlobalSection
EndGlobal
